
Microsoft Visual Studio Solution File, Format Version 12.00
# Visual Studio Version 16
VisualStudioVersion = 16.0.29201.188
MinimumVisualStudioVersion = 10.0.40219.1
Project("{9A19103F-16F7-4668-BE54-9A1E7A4F7556}") = "OdeToFood", "OdeToFood.csproj", "{9778C11B-1069-4C5A-97DB-2CE77E713504}"
EndProject
Project("{9A19103F-16F7-4668-BE54-9A1E7A4F7556}") = "OdeToFood.Core", "..\OdeToFood.Core\OdeToFood.Core.csproj", "{078F944C-BCFE-4B24-B748-73C7595DBBAB}"
EndProject
Project("{9A19103F-16F7-4668-BE54-9A1E7A4F7556}") = "OdeToFood.Data", "..\OdeToFood.Data\OdeToFood.Data.csproj", "{504EDCF7-E203-465D-BE1E-ED3066739CC6}"
EndProject
Global
	GlobalSection(SolutionConfigurationPlatforms) = preSolution
		Debug|Any CPU = Debug|Any CPU
		Release|Any CPU = Release|Any CPU
	EndGlobalSection
	GlobalSection(ProjectConfigurationPlatforms) = postSolution
		{9778C11B-1069-4C5A-97DB-2CE77E713504}.Debug|Any CPU.ActiveCfg = Debug|Any CPU
		{9778C11B-1069-4C5A-97DB-2CE77E713504}.Debug|Any CPU.Build.0 = Debug|Any CPU
		{9778C11B-1069-4C5A-97DB-2CE77E713504}.Release|Any CPU.ActiveCfg = Release|Any CPU
		{9778C11B-1069-4C5A-97DB-2CE77E713504}.Release|Any CPU.Build.0 = Release|Any CPU
		{078F944C-BCFE-4B24-B748-73C7595DBBAB}.Debug|Any CPU.ActiveCfg = Debug|Any CPU
		{078F944C-BCFE-4B24-B748-73C7595DBBAB}.Debug|Any CPU.Build.0 = Debug|Any CPU
		{078F944C-BCFE-4B24-B748-73C7595DBBAB}.Release|Any CPU.ActiveCfg = Release|Any CPU
		{078F944C-BCFE-4B24-B748-73C7595DBBAB}.Release|Any CPU.Build.0 = Release|Any CPU
		{504EDCF7-E203-465D-BE1E-ED3066739CC6}.Debug|Any CPU.ActiveCfg = Debug|Any CPU
		{504EDCF7-E203-465D-BE1E-ED3066739CC6}.Debug|Any CPU.Build.0 = Debug|Any CPU
		{504EDCF7-E203-465D-BE1E-ED3066739CC6}.Release|Any CPU.ActiveCfg = Release|Any CPU
		{504EDCF7-E203-465D-BE1E-ED3066739CC6}.Release|Any CPU.Build.0 = Release|Any CPU
	EndGlobalSection
	GlobalSection(SolutionProperties) = preSolution
		HideSolutionNode = FALSE
	EndGlobalSection
	GlobalSection(ExtensibilityGlobals) = postSolution
		SolutionGuid = {BF703D96-C2BF-4004-877D-39D7861BE2DC}
	EndGlobalSection
EndGlobal
